// !$*UTF8*$!
{
	archiveVersion = 1;
	classes = {
	};
	objectVersion = 55;
	objects = {

/* Begin PBXBuildFile section */
		9000165D2951C2A20080137B /* StudentBasicRecordApp.swift in Sources */ = {isa = PBXBuildFile; fileRef = 9000165C2951C2A20080137B /* StudentBasicRecordApp.swift */; };
		9000165F2951C2A20080137B /* NewStudentView.swift in Sources */ = {isa = PBXBuildFile; fileRef = 9000165E2951C2A20080137B /* NewStudentView.swift */; };
		900016612951C2A40080137B /* Assets.xcassets in Resources */ = {isa = PBXBuildFile; fileRef = 900016602951C2A40080137B /* Assets.xcassets */; };
		900016642951C2A40080137B /* Preview Assets.xcassets in Resources */ = {isa = PBXBuildFile; fileRef = 900016632951C2A40080137B /* Preview Assets.xcassets */; };
		9000166B2951DDB20080137B /* NewStudentViewModel.swift in Sources */ = {isa = PBXBuildFile; fileRef = 9000166A2951DDB20080137B /* NewStudentViewModel.swift */; };
		9000166D2951DDBF0080137B /* Student.swift in Sources */ = {isa = PBXBuildFile; fileRef = 9000166C2951DDBF0080137B /* Student.swift */; };
		9000166F2951DF500080137B /* studentData.json in Resources */ = {isa = PBXBuildFile; fileRef = 9000166E2951DF500080137B /* studentData.json */; };
		9000167329521DD90080137B /* APIManager.swift in Sources */ = {isa = PBXBuildFile; fileRef = 9000167229521DD90080137B /* APIManager.swift */; };
		90001675295221EE0080137B /* ImagePicker.swift in Sources */ = {isa = PBXBuildFile; fileRef = 90001674295221EE0080137B /* ImagePicker.swift */; };
		90001677295228AF0080137B /* StudentListView.swift in Sources */ = {isa = PBXBuildFile; fileRef = 90001676295228AF0080137B /* StudentListView.swift */; };
		9000167F29523E6B0080137B /* ViewModelFactory.swift in Sources */ = {isa = PBXBuildFile; fileRef = 9000167E29523E6B0080137B /* ViewModelFactory.swift */; };
		9000168B2959713B0080137B /* StudentBasicRecordTests.swift in Sources */ = {isa = PBXBuildFile; fileRef = 9000168A2959713B0080137B /* StudentBasicRecordTests.swift */; };
		90001691295972180080137B /* NewStudentViewModel.swift in Sources */ = {isa = PBXBuildFile; fileRef = 9000166A2951DDB20080137B /* NewStudentViewModel.swift */; };
		90001692295972270080137B /* ViewModelFactory.swift in Sources */ = {isa = PBXBuildFile; fileRef = 9000167E29523E6B0080137B /* ViewModelFactory.swift */; };
		900016942959739D0080137B /* Student.swift in Sources */ = {isa = PBXBuildFile; fileRef = 9000166C2951DDBF0080137B /* Student.swift */; };
		90001695295973AE0080137B /* ImagePicker.swift in Sources */ = {isa = PBXBuildFile; fileRef = 90001674295221EE0080137B /* ImagePicker.swift */; };
/* End PBXBuildFile section */

/* Begin PBXContainerItemProxy section */
		9000168C2959713B0080137B /* PBXContainerItemProxy */ = {
			isa = PBXContainerItemProxy;
			containerPortal = 900016512951C2A20080137B /* Project object */;
			proxyType = 1;
			remoteGlobalIDString = 900016582951C2A20080137B;
			remoteInfo = StudentBasicRecord;
		};
/* End PBXContainerItemProxy section */

/* Begin PBXFileReference section */
		900016592951C2A20080137B /* StudentBasicRecord.app */ = {isa = PBXFileReference; explicitFileType = wrapper.application; includeInIndex = 0; path = StudentBasicRecord.app; sourceTree = BUILT_PRODUCTS_DIR; };
		9000165C2951C2A20080137B /* StudentBasicRecordApp.swift */ = {isa = PBXFileReference; lastKnownFileType = sourcecode.swift; path = StudentBasicRecordApp.swift; sourceTree = "<group>"; };
		9000165E2951C2A20080137B /* NewStudentView.swift */ = {isa = PBXFileReference; lastKnownFileType = sourcecode.swift; path = NewStudentView.swift; sourceTree = "<group>"; };
		900016602951C2A40080137B /* Assets.xcassets */ = {isa = PBXFileReference; lastKnownFileType = folder.assetcatalog; path = Assets.xcassets; sourceTree = "<group>"; };
		900016632951C2A40080137B /* Preview Assets.xcassets */ = {isa = PBXFileReference; lastKnownFileType = folder.assetcatalog; path = "Preview Assets.xcassets"; sourceTree = "<group>"; };
		9000166A2951DDB20080137B /* NewStudentViewModel.swift */ = {isa = PBXFileReference; lastKnownFileType = sourcecode.swift; path = NewStudentViewModel.swift; sourceTree = "<group>"; };
		9000166C2951DDBF0080137B /* Student.swift */ = {isa = PBXFileReference; lastKnownFileType = sourcecode.swift; path = Student.swift; sourceTree = "<group>"; };
		9000166E2951DF500080137B /* studentData.json */ = {isa = PBXFileReference; lastKnownFileType = text.json; path = studentData.json; sourceTree = "<group>"; };
		9000167229521DD90080137B /* APIManager.swift */ = {isa = PBXFileReference; lastKnownFileType = sourcecode.swift; path = APIManager.swift; sourceTree = "<group>"; };
		90001674295221EE0080137B /* ImagePicker.swift */ = {isa = PBXFileReference; lastKnownFileType = sourcecode.swift; path = ImagePicker.swift; sourceTree = "<group>"; };
		90001676295228AF0080137B /* StudentListView.swift */ = {isa = PBXFileReference; lastKnownFileType = sourcecode.swift; path = StudentListView.swift; sourceTree = "<group>"; };
		9000167E29523E6B0080137B /* ViewModelFactory.swift */ = {isa = PBXFileReference; lastKnownFileType = sourcecode.swift; path = ViewModelFactory.swift; sourceTree = "<group>"; };
		900016882959713B0080137B /* StudentBasicRecordTests.xctest */ = {isa = PBXFileReference; explicitFileType = wrapper.cfbundle; includeInIndex = 0; path = StudentBasicRecordTests.xctest; sourceTree = BUILT_PRODUCTS_DIR; };
		9000168A2959713B0080137B /* StudentBasicRecordTests.swift */ = {isa = PBXFileReference; lastKnownFileType = sourcecode.swift; path = StudentBasicRecordTests.swift; sourceTree = "<group>"; };
/* End PBXFileReference section */

/* Begin PBXFrameworksBuildPhase section */
		900016562951C2A20080137B /* Frameworks */ = {
			isa = PBXFrameworksBuildPhase;
			buildActionMask = 2147483647;
			files = (
			);
			runOnlyForDeploymentPostprocessing = 0;
		};
		900016852959713B0080137B /* Frameworks */ = {
			isa = PBXFrameworksBuildPhase;
			buildActionMask = 2147483647;
			files = (
			);
			runOnlyForDeploymentPostprocessing = 0;
		};
/* End PBXFrameworksBuildPhase section */

/* Begin PBXGroup section */
		900016502951C2A20080137B = {
			isa = PBXGroup;
			children = (
				9000165B2951C2A20080137B /* StudentBasicRecord */,
				900016892959713B0080137B /* StudentBasicRecordTests */,
				9000165A2951C2A20080137B /* Products */,
			);
			sourceTree = "<group>";
		};
		9000165A2951C2A20080137B /* Products */ = {
			isa = PBXGroup;
			children = (
				900016592951C2A20080137B /* StudentBasicRecord.app */,
				900016882959713B0080137B /* StudentBasicRecordTests.xctest */,
			);
			name = Products;
			sourceTree = "<group>";
		};
		9000165B2951C2A20080137B /* StudentBasicRecord */ = {
			isa = PBXGroup;
			children = (
				9000167D295229C40080137B /* AppCore */,
				9000167C2952299C0080137B /* ViewModel */,
				9000167B295229820080137B /* Component */,
				9000167A2952296F0080137B /* View */,
				90001679295229590080137B /* Model */,
				90001678295229400080137B /* Services */,
				9000166E2951DF500080137B /* studentData.json */,
				900016602951C2A40080137B /* Assets.xcassets */,
				900016622951C2A40080137B /* Preview Content */,
			);
			path = StudentBasicRecord;
			sourceTree = "<group>";
		};
		900016622951C2A40080137B /* Preview Content */ = {
			isa = PBXGroup;
			children = (
				900016632951C2A40080137B /* Preview Assets.xcassets */,
			);
			path = "Preview Content";
			sourceTree = "<group>";
		};
		90001678295229400080137B /* Services */ = {
			isa = PBXGroup;
			children = (
				9000167229521DD90080137B /* APIManager.swift */,
			);
			path = Services;
			sourceTree = "<group>";
		};
		90001679295229590080137B /* Model */ = {
			isa = PBXGroup;
			children = (
				9000166C2951DDBF0080137B /* Student.swift */,
			);
			path = Model;
			sourceTree = "<group>";
		};
		9000167A2952296F0080137B /* View */ = {
			isa = PBXGroup;
			children = (
				9000165E2951C2A20080137B /* NewStudentView.swift */,
				90001676295228AF0080137B /* StudentListView.swift */,
			);
			path = View;
			sourceTree = "<group>";
		};
		9000167B295229820080137B /* Component */ = {
			isa = PBXGroup;
			children = (
				90001674295221EE0080137B /* ImagePicker.swift */,
			);
			path = Component;
			sourceTree = "<group>";
		};
		9000167C2952299C0080137B /* ViewModel */ = {
			isa = PBXGroup;
			children = (
				9000166A2951DDB20080137B /* NewStudentViewModel.swift */,
				9000167E29523E6B0080137B /* ViewModelFactory.swift */,
			);
			path = ViewModel;
			sourceTree = "<group>";
		};
		9000167D295229C40080137B /* AppCore */ = {
			isa = PBXGroup;
			children = (
				9000165C2951C2A20080137B /* StudentBasicRecordApp.swift */,
			);
			path = AppCore;
			sourceTree = "<group>";
		};
		900016892959713B0080137B /* StudentBasicRecordTests */ = {
			isa = PBXGroup;
			children = (
				9000168A2959713B0080137B /* StudentBasicRecordTests.swift */,
			);
			path = StudentBasicRecordTests;
			sourceTree = "<group>";
		};
/* End PBXGroup section */

/* Begin PBXNativeTarget section */
		900016582951C2A20080137B /* StudentBasicRecord */ = {
			isa = PBXNativeTarget;
			buildConfigurationList = 900016672951C2A40080137B /* Build configuration list for PBXNativeTarget "StudentBasicRecord" */;
			buildPhases = (
				900016552951C2A20080137B /* Sources */,
				900016562951C2A20080137B /* Frameworks */,
				900016572951C2A20080137B /* Resources */,
			);
			buildRules = (
			);
			dependencies = (
			);
			name = StudentBasicRecord;
			productName = StudentBasicRecord;
			productReference = 900016592951C2A20080137B /* StudentBasicRecord.app */;
			productType = "com.apple.product-type.application";
		};
		900016872959713B0080137B /* StudentBasicRecordTests */ = {
			isa = PBXNativeTarget;
			buildConfigurationList = 9000168E2959713B0080137B /* Build configuration list for PBXNativeTarget "StudentBasicRecordTests" */;
			buildPhases = (
				900016842959713B0080137B /* Sources */,
				900016852959713B0080137B /* Frameworks */,
				900016862959713B0080137B /* Resources */,
			);
			buildRules = (
			);
			dependencies = (
				9000168D2959713B0080137B /* PBXTargetDependency */,
			);
			name = StudentBasicRecordTests;
			productName = StudentBasicRecordTests;
			productReference = 900016882959713B0080137B /* StudentBasicRecordTests.xctest */;
			productType = "com.apple.product-type.bundle.unit-test";
		};
/* End PBXNativeTarget section */

/* Begin PBXProject section */
		900016512951C2A20080137B /* Project object */ = {
			isa = PBXProject;
			attributes = {
				BuildIndependentTargetsInParallel = 1;
				LastSwiftUpdateCheck = 1340;
				LastUpgradeCheck = 1340;
				TargetAttributes = {
					900016582951C2A20080137B = {
						CreatedOnToolsVersion = 13.4.1;
					};
					900016872959713B0080137B = {
						CreatedOnToolsVersion = 13.4.1;
						TestTargetID = 900016582951C2A20080137B;
					};
				};
			};
			buildConfigurationList = 900016542951C2A20080137B /* Build configuration list for PBXProject "StudentBasicRecord" */;
			compatibilityVersion = "Xcode 13.0";
			developmentRegion = en;
			hasScannedForEncodings = 0;
			knownRegions = (
				en,
				Base,
			);
			mainGroup = 900016502951C2A20080137B;
			productRefGroup = 9000165A2951C2A20080137B /* Products */;
			projectDirPath = "";
			projectRoot = "";
			targets = (
				900016582951C2A20080137B /* StudentBasicRecord */,
				900016872959713B0080137B /* StudentBasicRecordTests */,
			);
		};
/* End PBXProject section */

/* Begin PBXResourcesBuildPhase section */
		900016572951C2A20080137B /* Resources */ = {
			isa = PBXResourcesBuildPhase;
			buildActionMask = 2147483647;
			files = (
				900016642951C2A40080137B /* Preview Assets.xcassets in Resources */,
				900016612951C2A40080137B /* Assets.xcassets in Resources */,
				9000166F2951DF500080137B /* studentData.json in Resources */,
			);
			runOnlyForDeploymentPostprocessing = 0;
		};
		900016862959713B0080137B /* Resources */ = {
			isa = PBXResourcesBuildPhase;
			buildActionMask = 2147483647;
			files = (
			);
			runOnlyForDeploymentPostprocessing = 0;
		};
/* End PBXResourcesBuildPhase section */

/* Begin PBXSourcesBuildPhase section */
		900016552951C2A20080137B /* Sources */ = {
			isa = PBXSourcesBuildPhase;
			buildActionMask = 2147483647;
			files = (
				9000167329521DD90080137B /* APIManager.swift in Sources */,
				9000165F2951C2A20080137B /* NewStudentView.swift in Sources */,
				9000166B2951DDB20080137B /* NewStudentViewModel.swift in Sources */,
				90001675295221EE0080137B /* ImagePicker.swift in Sources */,
				9000165D2951C2A20080137B /* StudentBasicRecordApp.swift in Sources */,
				9000166D2951DDBF0080137B /* Student.swift in Sources */,
				9000167F29523E6B0080137B /* ViewModelFactory.swift in Sources */,
				90001677295228AF0080137B /* StudentListView.swift in Sources */,
			);
			runOnlyForDeploymentPostprocessing = 0;
		};
		900016842959713B0080137B /* Sources */ = {
			isa = PBXSourcesBuildPhase;
			buildActionMask = 2147483647;
			files = (
				90001692295972270080137B /* ViewModelFactory.swift in Sources */,
				9000168B2959713B0080137B /* StudentBasicRecordTests.swift in Sources */,
				90001695295973AE0080137B /* ImagePicker.swift in Sources */,
				900016942959739D0080137B /* Student.swift in Sources */,
				90001691295972180080137B /* NewStudentViewModel.swift in Sources */,
			);
			runOnlyForDeploymentPostprocessing = 0;
		};
/* End PBXSourcesBuildPhase section */

/* Begin PBXTargetDependency section */
		9000168D2959713B0080137B /* PBXTargetDependency */ = {
			isa = PBXTargetDependency;
			target = 900016582951C2A20080137B /* StudentBasicRecord */;
			targetProxy = 9000168C2959713B0080137B /* PBXContainerItemProxy */;
		};
/* End PBXTargetDependency section */

/* Begin XCBuildConfiguration section */
		900016652951C2A40080137B /* Debug */ = {
			isa = XCBuildConfiguration;
			buildSettings = {
				ALWAYS_SEARCH_USER_PATHS = NO;
				CLANG_ANALYZER_NONNULL = YES;
				CLANG_ANALYZER_NUMBER_OBJECT_CONVERSION = YES_AGGRESSIVE;
				CLANG_CXX_LANGUAGE_STANDARD = "gnu++17";
				CLANG_ENABLE_MODULES = YES;
				CLANG_ENABLE_OBJC_ARC = YES;
				CLANG_ENABLE_OBJC_WEAK = YES;
				CLANG_WARN_BLOCK_CAPTURE_AUTORELEASING = YES;
				CLANG_WARN_BOOL_CONVERSION = YES;
				CLANG_WARN_COMMA = YES;
				CLANG_WARN_CONSTANT_CONVERSION = YES;
				CLANG_WARN_DEPRECATED_OBJC_IMPLEMENTATIONS = YES;
				CLANG_WARN_DIRECT_OBJC_ISA_USAGE = YES_ERROR;
				CLANG_WARN_DOCUMENTATION_COMMENTS = YES;
				CLANG_WARN_EMPTY_BODY = YES;
				CLANG_WARN_ENUM_CONVERSION = YES;
				CLANG_WARN_INFINITE_RECURSION = YES;
				CLANG_WARN_INT_CONVERSION = YES;
				CLANG_WARN_NON_LITERAL_NULL_CONVERSION = YES;
				CLANG_WARN_OBJC_IMPLICIT_RETAIN_SELF = YES;
				CLANG_WARN_OBJC_LITERAL_CONVERSION = YES;
				CLANG_WARN_OBJC_ROOT_CLASS = YES_ERROR;
				CLANG_WARN_QUOTED_INCLUDE_IN_FRAMEWORK_HEADER = YES;
				CLANG_WARN_RANGE_LOOP_ANALYSIS = YES;
				CLANG_WARN_STRICT_PROTOTYPES = YES;
				CLANG_WARN_SUSPICIOUS_MOVE = YES;
				CLANG_WARN_UNGUARDED_AVAILABILITY = YES_AGGRESSIVE;
				CLANG_WARN_UNREACHABLE_CODE = YES;
				CLANG_WARN__DUPLICATE_METHOD_MATCH = YES;
				COPY_PHASE_STRIP = NO;
				DEBUG_INFORMATION_FORMAT = dwarf;
				ENABLE_STRICT_OBJC_MSGSEND = YES;
				ENABLE_TESTABILITY = YES;
				GCC_C_LANGUAGE_STANDARD = gnu11;
				GCC_DYNAMIC_NO_PIC = NO;
				GCC_NO_COMMON_BLOCKS = YES;
				GCC_OPTIMIZATION_LEVEL = 0;
				GCC_PREPROCESSOR_DEFINITIONS = (
					"DEBUG=1",
					"$(inherited)",
				);
				GCC_WARN_64_TO_32_BIT_CONVERSION = YES;
				GCC_WARN_ABOUT_RETURN_TYPE = YES_ERROR;
				GCC_WARN_UNDECLARED_SELECTOR = YES;
				GCC_WARN_UNINITIALIZED_AUTOS = YES_AGGRESSIVE;
				GCC_WARN_UNUSED_FUNCTION = YES;
				GCC_WARN_UNUSED_VARIABLE = YES;
				IPHONEOS_DEPLOYMENT_TARGET = 15.5;
				MTL_ENABLE_DEBUG_INFO = INCLUDE_SOURCE;
				MTL_FAST_MATH = YES;
				ONLY_ACTIVE_ARCH = YES;
				SDKROOT = iphoneos;
				SWIFT_ACTIVE_COMPILATION_CONDITIONS = DEBUG;
				SWIFT_OPTIMIZATION_LEVEL = "-Onone";
			};
			name = Debug;
		};
		900016662951C2A40080137B /* Release */ = {
			isa = XCBuildConfiguration;
			buildSettings = {
				ALWAYS_SEARCH_USER_PATHS = NO;
				CLANG_ANALYZER_NONNULL = YES;
				CLANG_ANALYZER_NUMBER_OBJECT_CONVERSION = YES_AGGRESSIVE;
				CLANG_CXX_LANGUAGE_STANDARD = "gnu++17";
				CLANG_ENABLE_MODULES = YES;
				CLANG_ENABLE_OBJC_ARC = YES;
				CLANG_ENABLE_OBJC_WEAK = YES;
				CLANG_WARN_BLOCK_CAPTURE_AUTORELEASING = YES;
				CLANG_WARN_BOOL_CONVERSION = YES;
				CLANG_WARN_COMMA = YES;
				CLANG_WARN_CONSTANT_CONVERSION = YES;
				CLANG_WARN_DEPRECATED_OBJC_IMPLEMENTATIONS = YES;
				CLANG_WARN_DIRECT_OBJC_ISA_USAGE = YES_ERROR;
				CLANG_WARN_DOCUMENTATION_COMMENTS = YES;
				CLANG_WARN_EMPTY_BODY = YES;
				CLANG_WARN_ENUM_CONVERSION = YES;
				CLANG_WARN_INFINITE_RECURSION = YES;
				CLANG_WARN_INT_CONVERSION = YES;
				CLANG_WARN_NON_LITERAL_NULL_CONVERSION = YES;
				CLANG_WARN_OBJC_IMPLICIT_RETAIN_SELF = YES;
				CLANG_WARN_OBJC_LITERAL_CONVERSION = YES;
				CLANG_WARN_OBJC_ROOT_CLASS = YES_ERROR;
				CLANG_WARN_QUOTED_INCLUDE_IN_FRAMEWORK_HEADER = YES;
				CLANG_WARN_RANGE_LOOP_ANALYSIS = YES;
				CLANG_WARN_STRICT_PROTOTYPES = YES;
				CLANG_WARN_SUSPICIOUS_MOVE = YES;
				CLANG_WARN_UNGUARDED_AVAILABILITY = YES_AGGRESSIVE;
				CLANG_WARN_UNREACHABLE_CODE = YES;
				CLANG_WARN__DUPLICATE_METHOD_MATCH = YES;
				COPY_PHASE_STRIP = NO;
				DEBUG_INFORMATION_FORMAT = "dwarf-with-dsym";
				ENABLE_NS_ASSERTIONS = NO;
				ENABLE_STRICT_OBJC_MSGSEND = YES;
				GCC_C_LANGUAGE_STANDARD = gnu11;
				GCC_NO_COMMON_BLOCKS = YES;
				GCC_WARN_64_TO_32_BIT_CONVERSION = YES;
				GCC_WARN_ABOUT_RETURN_TYPE = YES_ERROR;
				GCC_WARN_UNDECLARED_SELECTOR = YES;
				GCC_WARN_UNINITIALIZED_AUTOS = YES_AGGRESSIVE;
				GCC_WARN_UNUSED_FUNCTION = YES;
				GCC_WARN_UNUSED_VARIABLE = YES;
				IPHONEOS_DEPLOYMENT_TARGET = 15.5;
				MTL_ENABLE_DEBUG_INFO = NO;
				MTL_FAST_MATH = YES;
				SDKROOT = iphoneos;
				SWIFT_COMPILATION_MODE = wholemodule;
				SWIFT_OPTIMIZATION_LEVEL = "-O";
				VALIDATE_PRODUCT = YES;
			};
			name = Release;
		};
		900016682951C2A40080137B /* Debug */ = {
			isa = XCBuildConfiguration;
			buildSettings = {
				ASSETCATALOG_COMPILER_APPICON_NAME = AppIcon;
				ASSETCATALOG_COMPILER_GLOBAL_ACCENT_COLOR_NAME = AccentColor;
				CODE_SIGN_STYLE = Automatic;
				CURRENT_PROJECT_VERSION = 1;
				DEVELOPMENT_ASSET_PATHS = "\"StudentBasicRecord/Preview Content\"";
				DEVELOPMENT_TEAM = A88B2RYQ9D;
				ENABLE_PREVIEWS = YES;
				GENERATE_INFOPLIST_FILE = YES;
				INFOPLIST_KEY_UIApplicationSceneManifest_Generation = YES;
				INFOPLIST_KEY_UIApplicationSupportsIndirectInputEvents = YES;
				INFOPLIST_KEY_UILaunchScreen_Generation = YES;
				INFOPLIST_KEY_UISupportedInterfaceOrientations_iPad = "UIInterfaceOrientationPortrait UIInterfaceOrientationPortraitUpsideDown UIInterfaceOrientationLandscapeLeft UIInterfaceOrientationLandscapeRight";
				INFOPLIST_KEY_UISupportedInterfaceOrientations_iPhone = "UIInterfaceOrientationPortrait UIInterfaceOrientationLandscapeLeft UIInterfaceOrientationLandscapeRight";
				LD_RUNPATH_SEARCH_PATHS = (
					"$(inherited)",
					"@executable_path/Frameworks",
				);
				MARKETING_VERSION = 1.0;
				PRODUCT_BUNDLE_IDENTIFIER = com.my.StudentBasicRecord;
				PRODUCT_NAME = "$(TARGET_NAME)";
				SWIFT_EMIT_LOC_STRINGS = YES;
				SWIFT_VERSION = 5.0;
				TARGETED_DEVICE_FAMILY = "1,2";
			};
			name = Debug;
		};
		900016692951C2A40080137B /* Release */ = {
			isa = XCBuildConfiguration;
			buildSettings = {
				ASSETCATALOG_COMPILER_APPICON_NAME = AppIcon;
				ASSETCATALOG_COMPILER_GLOBAL_ACCENT_COLOR_NAME = AccentColor;
				CODE_SIGN_STYLE = Automatic;
				CURRENT_PROJECT_VERSION = 1;
				DEVELOPMENT_ASSET_PATHS = "\"StudentBasicRecord/Preview Content\"";
				DEVELOPMENT_TEAM = A88B2RYQ9D;
				ENABLE_PREVIEWS = YES;
				GENERATE_INFOPLIST_FILE = YES;
				INFOPLIST_KEY_UIApplicationSceneManifest_Generation = YES;
				INFOPLIST_KEY_UIApplicationSupportsIndirectInputEvents = YES;
				INFOPLIST_KEY_UILaunchScreen_Generation = YES;
				INFOPLIST_KEY_UISupportedInterfaceOrientations_iPad = "UIInterfaceOrientationPortrait UIInterfaceOrientationPortraitUpsideDown UIInterfaceOrientationLandscapeLeft UIInterfaceOrientationLandscapeRight";
				INFOPLIST_KEY_UISupportedInterfaceOrientations_iPhone = "UIInterfaceOrientationPortrait UIInterfaceOrientationLandscapeLeft UIInterfaceOrientationLandscapeRight";
				LD_RUNPATH_SEARCH_PATHS = (
					"$(inherited)",
					"@executable_path/Frameworks",
				);
				MARKETING_VERSION = 1.0;
				PRODUCT_BUNDLE_IDENTIFIER = com.my.StudentBasicRecord;
				PRODUCT_NAME = "$(TARGET_NAME)";
				SWIFT_EMIT_LOC_STRINGS = YES;
				SWIFT_VERSION = 5.0;
				TARGETED_DEVICE_FAMILY = "1,2";
			};
			name = Release;
		};
		9000168F2959713B0080137B /* Debug */ = {
			isa = XCBuildConfiguration;
			buildSettings = {
				BUNDLE_LOADER = "$(TEST_HOST)";
				CODE_SIGN_STYLE = Automatic;
				CURRENT_PROJECT_VERSION = 1;
				DEVELOPMENT_TEAM = A88B2RYQ9D;
				GENERATE_INFOPLIST_FILE = YES;
				MARKETING_VERSION = 1.0;
				PRODUCT_BUNDLE_IDENTIFIER = com.my.StudentBasicRecordTests;
				PRODUCT_NAME = "$(TARGET_NAME)";
				SWIFT_EMIT_LOC_STRINGS = NO;
				SWIFT_VERSION = 5.0;
				TARGETED_DEVICE_FAMILY = "1,2";
				TEST_HOST = "$(BUILT_PRODUCTS_DIR)/StudentBasicRecord.app/StudentBasicRecord";
			};
			name = Debug;
		};
		900016902959713B0080137B /* Release */ = {
			isa = XCBuildConfiguration;
			buildSettings = {
				BUNDLE_LOADER = "$(TEST_HOST)";
				CODE_SIGN_STYLE = Automatic;
				CURRENT_PROJECT_VERSION = 1;
				DEVELOPMENT_TEAM = A88B2RYQ9D;
				GENERATE_INFOPLIST_FILE = YES;
				MARKETING_VERSION = 1.0;
				PRODUCT_BUNDLE_IDENTIFIER = com.my.StudentBasicRecordTests;
				PRODUCT_NAME = "$(TARGET_NAME)";
				SWIFT_EMIT_LOC_STRINGS = NO;
				SWIFT_VERSION = 5.0;
				TARGETED_DEVICE_FAMILY = "1,2";
				TEST_HOST = "$(BUILT_PRODUCTS_DIR)/StudentBasicRecord.app/StudentBasicRecord";
			};
			name = Release;
		};
/* End XCBuildConfiguration section */

/* Begin XCConfigurationList section */
		900016542951C2A20080137B /* Build configuration list for PBXProject "StudentBasicRecord" */ = {
			isa = XCConfigurationList;
			buildConfigurations = (
				900016652951C2A40080137B /* Debug */,
				900016662951C2A40080137B /* Release */,
			);
			defaultConfigurationIsVisible = 0;
			defaultConfigurationName = Release;
		};
		900016672951C2A40080137B /* Build configuration list for PBXNativeTarget "StudentBasicRecord" */ = {
			isa = XCConfigurationList;
			buildConfigurations = (
				900016682951C2A40080137B /* Debug */,
				900016692951C2A40080137B /* Release */,
			);
			defaultConfigurationIsVisible = 0;
			defaultConfigurationName = Release;
		};
		9000168E2959713B0080137B /* Build configuration list for PBXNativeTarget "StudentBasicRecordTests" */ = {
			isa = XCConfigurationList;
			buildConfigurations = (
				9000168F2959713B0080137B /* Debug */,
				900016902959713B0080137B /* Release */,
			);
			defaultConfigurationIsVisible = 0;
			defaultConfigurationName = Release;
		};
/* End XCConfigurationList section */
	};
	rootObject = 900016512951C2A20080137B /* Project object */;
}
